
Microsoft Visual Studio Solution File, Format Version 12.00
Project("{FAE04EC0-301F-11D3-BF4B-00C04F79EFBC}") = "dis", "dis.csproj", "{252C59DF-6171-406C-A755-66589F8A1A62}"
EndProject
Global
	GlobalSection(SolutionConfigurationPlatforms) = preSolution
		Debug|Any CPU = Debug|Any CPU
		Release|Any CPU = Release|Any CPU
	EndGlobalSection
	GlobalSection(ProjectConfigurationPlatforms) = postSolution
		{252C59DF-6171-406C-A755-66589F8A1A62}.Debug|Any CPU.ActiveCfg = Debug|Any CPU
		{252C59DF-6171-406C-A755-66589F8A1A62}.Debug|Any CPU.Build.0 = Debug|Any CPU
		{252C59DF-6171-406C-A755-66589F8A1A62}.Release|Any CPU.ActiveCfg = Release|Any CPU
		{252C59DF-6171-406C-A755-66589F8A1A62}.Release|Any CPU.Build.0 = Release|Any CPU
	EndGlobalSection
EndGlobal
